
Microsoft Visual Studio Solution File, Format Version 12.00
# Visual Studio Version 17
VisualStudioVersion = 17.5.002.0
MinimumVisualStudioVersion = 10.0.40219.1
Project("{9A19103F-16F7-4668-BE54-9A1E7A4F7556}") = "code-test", "code-test.csproj", "{80CCEFB7-31B0-4227-9123-C64FFF9FE495}"
EndProject
Global
	GlobalSection(SolutionConfigurationPlatforms) = preSolution
		Debug|Any CPU = Debug|Any CPU
		Release|Any CPU = Release|Any CPU
	EndGlobalSection
	GlobalSection(ProjectConfigurationPlatforms) = postSolution
		{80CCEFB7-31B0-4227-9123-C64FFF9FE495}.Debug|Any CPU.ActiveCfg = Debug|Any CPU
		{80CCEFB7-31B0-4227-9123-C64FFF9FE495}.Debug|Any CPU.Build.0 = Debug|Any CPU
		{80CCEFB7-31B0-4227-9123-C64FFF9FE495}.Release|Any CPU.ActiveCfg = Release|Any CPU
		{80CCEFB7-31B0-4227-9123-C64FFF9FE495}.Release|Any CPU.Build.0 = Release|Any CPU
	EndGlobalSection
	GlobalSection(SolutionProperties) = preSolution
		HideSolutionNode = FALSE
	EndGlobalSection
	GlobalSection(ExtensibilityGlobals) = postSolution
		SolutionGuid = {46A5C1DF-C41B-4C22-93BB-4AAFE62F5A80}
	EndGlobalSection
EndGlobal
